
Microsoft Visual Studio Solution File, Format Version 12.00
# Visual Studio Version 17
VisualStudioVersion = 17.4.33103.184
MinimumVisualStudioVersion = 10.0.40219.1
Project("{FAE04EC0-301F-11D3-BF4B-00C04F79EFBC}") = "Pract_29-30_form2", "Pract_29-30_form2.csproj", "{41426E01-F4BD-44F8-B806-2A45337F3C68}"
EndProject
Global
	GlobalSection(SolutionConfigurationPlatforms) = preSolution
		Debug|Any CPU = Debug|Any CPU
		Release|Any CPU = Release|Any CPU
	EndGlobalSection
	GlobalSection(ProjectConfigurationPlatforms) = postSolution
		{41426E01-F4BD-44F8-B806-2A45337F3C68}.Debug|Any CPU.ActiveCfg = Debug|Any CPU
		{41426E01-F4BD-44F8-B806-2A45337F3C68}.Debug|Any CPU.Build.0 = Debug|Any CPU
		{41426E01-F4BD-44F8-B806-2A45337F3C68}.Release|Any CPU.ActiveCfg = Release|Any CPU
		{41426E01-F4BD-44F8-B806-2A45337F3C68}.Release|Any CPU.Build.0 = Release|Any CPU
	EndGlobalSection
	GlobalSection(SolutionProperties) = preSolution
		HideSolutionNode = FALSE
	EndGlobalSection
	GlobalSection(ExtensibilityGlobals) = postSolution
		SolutionGuid = {8DC40016-30DC-4F50-AA34-E95FEC5DA699}
	EndGlobalSection
EndGlobal
